
[[package]]
name = "slack-sdk"
version = "3.17.2"
description = "The Slack API Platform SDK for Python"
category = "main"
optional = false
python-versions = ">=3.6.0"

[package.extras]
optional = ["aiodns (>1.0)", "aiohttp (>=3.7.3,<4)", "boto3 (<=2)", "SQLAlchemy (>=1,<2)", "websockets (>=10,<11)", "websocket-client (>=1,<2)"]
testing = ["pytest (>=6.2.5,<7)", "pytest-asyncio (<1)", "Flask-Sockets (>=0.2,<1)", "Flask (>=1,<2)", "Werkzeug (<2)", "itsdangerous (==1.1.0)", "Jinja2 (==3.0.3)", "pytest-cov (>=2,<3)", "codecov (>=2,<3)", "flake8 (>=4,<5)", "black (==22.3.0)", "click (==8.0.4)", "psutil (>=5,<6)", "databases (>=0.5)", "boto3 (<=2)", "moto (>=3,<4)"]

[metadata]
lock-version = "1.1"
python-versions = "^3.8"
content-hash = "b4eaf21a823cf3f404f299d038d8abb9c6ec8419b8023b22c29702d75a7be71c"

[metadata.files]
slack-sdk = [
    {file = "slack_sdk-3.17.2-py2.py3-none-any.whl", hash = "sha256:70d5a55a5d52ba7128d5347ed995425e1f83e729667ab296035bcf6c1b13a049"},
    {file = "slack_sdk-3.17.2.tar.gz", hash = "sha256:60302e32d48db6b4ea5453d92f23ecf3f7b843f799f61eaf271315264d7cb281"},
]
